// !$*UTF8*$!
{
	archiveVersion = 1;
	classes = {
	};
	objectVersion = 51;
	objects = {

/* Begin PBXBuildFile section */
		1872FBCFB4E96DEB9A814099 /* Pods_Calendar.framework in Frameworks */ = {isa = PBXBuildFile; fileRef = B768A1183D97CBE4A0344DF6 /* Pods_Calendar.framework */; };
		38285B18248DFF7B00AAEE03 /* EventDetailsViewController.swift in Sources */ = {isa = PBXBuildFile; fileRef = 38285B17248DFF7B00AAEE03 /* EventDetailsViewController.swift */; };
		38285B1A248E01BD00AAEE03 /* EventDetailsView.swift in Sources */ = {isa = PBXBuildFile; fileRef = 38285B19248E01BD00AAEE03 /* EventDetailsView.swift */; };
		38285B1C248E078E00AAEE03 /* TitleContainerView.swift in Sources */ = {isa = PBXBuildFile; fileRef = 38285B1B248E078E00AAEE03 /* TitleContainerView.swift */; };
		38285B1E248E194900AAEE03 /* TimeContainerView.swift in Sources */ = {isa = PBXBuildFile; fileRef = 38285B1D248E194900AAEE03 /* TimeContainerView.swift */; };
		38285B22248EDDE000AAEE03 /* BookRingView.swift in Sources */ = {isa = PBXBuildFile; fileRef = 38285B21248EDDE000AAEE03 /* BookRingView.swift */; };
		38285B24248F09EE00AAEE03 /* SettingsContainerView.swift in Sources */ = {isa = PBXBuildFile; fileRef = 38285B23248F09EE00AAEE03 /* SettingsContainerView.swift */; };
		38285B26248F78B800AAEE03 /* NotesContainerView.swift in Sources */ = {isa = PBXBuildFile; fileRef = 38285B25248F78B800AAEE03 /* NotesContainerView.swift */; };
		38285B292490BCC400AAEE03 /* EventViewModel.swift in Sources */ = {isa = PBXBuildFile; fileRef = 38285B282490BCC400AAEE03 /* EventViewModel.swift */; };
		38285B2B2490C42E00AAEE03 /* EventTapGestureDelegate.swift in Sources */ = {isa = PBXBuildFile; fileRef = 38285B2A2490C42E00AAEE03 /* EventTapGestureDelegate.swift */; };
		38865C71249C73BC00FDFC0D /* SearchLocationViewController.swift in Sources */ = {isa = PBXBuildFile; fileRef = 38865C70249C73BC00FDFC0D /* SearchLocationViewController.swift */; };
		38865C73249C741D00FDFC0D /* SearchLocationView.swift in Sources */ = {isa = PBXBuildFile; fileRef = 38865C72249C741D00FDFC0D /* SearchLocationView.swift */; };
		3888D1A2247AF88E009B3966 /* LoginViewController.swift in Sources */ = {isa = PBXBuildFile; fileRef = 3888D1A1247AF88E009B3966 /* LoginViewController.swift */; };
		3888D1A7247B0F28009B3966 /* LoginView.swift in Sources */ = {isa = PBXBuildFile; fileRef = 3888D1A6247B0F28009B3966 /* LoginView.swift */; };
		3888D1A9247B1091009B3966 /* AppLogoView.swift in Sources */ = {isa = PBXBuildFile; fileRef = 3888D1A8247B1091009B3966 /* AppLogoView.swift */; };
		3888D1AC247B110E009B3966 /* Constants.swift in Sources */ = {isa = PBXBuildFile; fileRef = 3888D1AB247B110E009B3966 /* Constants.swift */; };
		3888D1B2247B155F009B3966 /* CustomContainerView.swift in Sources */ = {isa = PBXBuildFile; fileRef = 3888D1B1247B155F009B3966 /* CustomContainerView.swift */; };
		3888D1B4247B181B009B3966 /* InputView.swift in Sources */ = {isa = PBXBuildFile; fileRef = 3888D1B3247B181B009B3966 /* InputView.swift */; };
		3888D1B6247B1895009B3966 /* CustomTextField.swift in Sources */ = {isa = PBXBuildFile; fileRef = 3888D1B5247B1895009B3966 /* CustomTextField.swift */; };
		3888D1B8247B29F3009B3966 /* AppColor.swift in Sources */ = {isa = PBXBuildFile; fileRef = 3888D1B7247B29F3009B3966 /* AppColor.swift */; };
		3888D1BA247B2C5C009B3966 /* IconButton.swift in Sources */ = {isa = PBXBuildFile; fileRef = 3888D1B9247B2C5C009B3966 /* IconButton.swift */; };
		3888D1BC247B460F009B3966 /* RoundedButton.swift in Sources */ = {isa = PBXBuildFile; fileRef = 3888D1BB247B460F009B3966 /* RoundedButton.swift */; };
		3888D1BE247B4D5D009B3966 /* UIView+Extension.swift in Sources */ = {isa = PBXBuildFile; fileRef = 3888D1BD247B4D5D009B3966 /* UIView+Extension.swift */; };
		3888D1C0247B501F009B3966 /* CustomLabel.swift in Sources */ = {isa = PBXBuildFile; fileRef = 3888D1BF247B501F009B3966 /* CustomLabel.swift */; };
		3888D1C4247B5685009B3966 /* ErrorLabel.swift in Sources */ = {isa = PBXBuildFile; fileRef = 3888D1C3247B5685009B3966 /* ErrorLabel.swift */; };
		3888D1CA247B7C5C009B3966 /* Authentication.swift in Sources */ = {isa = PBXBuildFile; fileRef = 3888D1C9247B7C5C009B3966 /* Authentication.swift */; };
		3888D1CC247B7C92009B3966 /* Database.swift in Sources */ = {isa = PBXBuildFile; fileRef = 3888D1CB247B7C92009B3966 /* Database.swift */; };
		3888D1CF247B7DF8009B3966 /* FirebaseService.swift in Sources */ = {isa = PBXBuildFile; fileRef = 3888D1CE247B7DF8009B3966 /* FirebaseService.swift */; };
		3888D1D3247B811A009B3966 /* GoogleService-Info.plist in Resources */ = {isa = PBXBuildFile; fileRef = 3888D1D2247B811A009B3966 /* GoogleService-Info.plist */; };
		3888D1D5247B81C9009B3966 /* calendar.json in Resources */ = {isa = PBXBuildFile; fileRef = 3888D1D4247B81C9009B3966 /* calendar.json */; };
		3888D1D7247B824D009B3966 /* DailyTaskViewController.swift in Sources */ = {isa = PBXBuildFile; fileRef = 3888D1D6247B824D009B3966 /* DailyTaskViewController.swift */; };
		3888D1DE247C48B7009B3966 /* DailyTasksMainView.swift in Sources */ = {isa = PBXBuildFile; fileRef = 3888D1DD247C48B7009B3966 /* DailyTasksMainView.swift */; };
		3888D1FA247DE5AD009B3966 /* CustomScrollView.swift in Sources */ = {isa = PBXBuildFile; fileRef = 3888D1F9247DE5AD009B3966 /* CustomScrollView.swift */; };
		3888D1FC247DE679009B3966 /* TimeDividerView.swift in Sources */ = {isa = PBXBuildFile; fileRef = 3888D1FB247DE679009B3966 /* TimeDividerView.swift */; };
		3888D1FE247E1E80009B3966 /* EventView.swift in Sources */ = {isa = PBXBuildFile; fileRef = 3888D1FD247E1E80009B3966 /* EventView.swift */; };
		3888D202247F3BED009B3966 /* RunningTimeLineView.swift in Sources */ = {isa = PBXBuildFile; fileRef = 3888D201247F3BED009B3966 /* RunningTimeLineView.swift */; };
		3888D205247F46EC009B3966 /* Event.swift in Sources */ = {isa = PBXBuildFile; fileRef = 3888D204247F46EC009B3966 /* Event.swift */; };
		3888D207247F5741009B3966 /* BottomBarView.swift in Sources */ = {isa = PBXBuildFile; fileRef = 3888D206247F5741009B3966 /* BottomBarView.swift */; };
		3888D20B247F6C55009B3966 /* EventLayoutGeneratorTests.swift in Sources */ = {isa = PBXBuildFile; fileRef = 3888D20A247F6C55009B3966 /* EventLayoutGeneratorTests.swift */; };
		3888D20D247F722F009B3966 /* EventLayoutGenerator.swift in Sources */ = {isa = PBXBuildFile; fileRef = 3888D20C247F722F009B3966 /* EventLayoutGenerator.swift */; };
		3888D21A247F7FF3009B3966 /* CalendarUITests.swift in Sources */ = {isa = PBXBuildFile; fileRef = 3888D219247F7FF3009B3966 /* CalendarUITests.swift */; };
		3888D225247F90B0009B3966 /* CalendarViewController.swift in Sources */ = {isa = PBXBuildFile; fileRef = 3888D224247F90B0009B3966 /* CalendarViewController.swift */; };
		3888D227247F910E009B3966 /* CalendarMainView.swift in Sources */ = {isa = PBXBuildFile; fileRef = 3888D226247F910E009B3966 /* CalendarMainView.swift */; };
		3888D22A248028F9009B3966 /* BackButton.swift in Sources */ = {isa = PBXBuildFile; fileRef = 3888D229248028F9009B3966 /* BackButton.swift */; };
		3888D22E2480444A009B3966 /* TextButton.swift in Sources */ = {isa = PBXBuildFile; fileRef = 3888D22D2480444A009B3966 /* TextButton.swift */; };
		3888D230248060D2009B3966 /* DateCell.swift in Sources */ = {isa = PBXBuildFile; fileRef = 3888D22F248060D2009B3966 /* DateCell.swift */; };
		3888D23224806D30009B3966 /* WeekDaysView.swift in Sources */ = {isa = PBXBuildFile; fileRef = 3888D23124806D30009B3966 /* WeekDaysView.swift */; };
		3888D2362480B597009B3966 /* DateCounter.swift in Sources */ = {isa = PBXBuildFile; fileRef = 3888D2352480B597009B3966 /* DateCounter.swift */; };
		3888D2382480B5C3009B3966 /* DateCounterTests.swift in Sources */ = {isa = PBXBuildFile; fileRef = 3888D2372480B5C2009B3966 /* DateCounterTests.swift */; };
		3888D23A24819F54009B3966 /* CircleView.swift in Sources */ = {isa = PBXBuildFile; fileRef = 3888D23924819F53009B3966 /* CircleView.swift */; };
		3888D24224822466009B3966 /* DateConverter.swift in Sources */ = {isa = PBXBuildFile; fileRef = 3888D24124822466009B3966 /* DateConverter.swift */; };
		3888D24424831B72009B3966 /* SlideView.swift in Sources */ = {isa = PBXBuildFile; fileRef = 3888D24324831B72009B3966 /* SlideView.swift */; };
		3888D246248325E0009B3966 /* ScheduleCell.swift in Sources */ = {isa = PBXBuildFile; fileRef = 3888D245248325E0009B3966 /* ScheduleCell.swift */; };
		3888D24824837F34009B3966 /* CustomHeaderView.swift in Sources */ = {isa = PBXBuildFile; fileRef = 3888D24724837F34009B3966 /* CustomHeaderView.swift */; };
		3888D24F2483EC40009B3966 /* NewEventViewController.swift in Sources */ = {isa = PBXBuildFile; fileRef = 3888D24E2483EC40009B3966 /* NewEventViewController.swift */; };
		3888D2512483EE7B009B3966 /* NewEventView.swift in Sources */ = {isa = PBXBuildFile; fileRef = 3888D2502483EE7B009B3966 /* NewEventView.swift */; };
		3888D2542484154C009B3966 /* SectionTitleLabel.swift in Sources */ = {isa = PBXBuildFile; fileRef = 3888D2532484154C009B3966 /* SectionTitleLabel.swift */; };
		38CE861624842A000006D609 /* CustomTextView.swift in Sources */ = {isa = PBXBuildFile; fileRef = 38CE861524842A000006D609 /* CustomTextView.swift */; };
		38CE8618248443BB0006D609 /* DatePickerView.swift in Sources */ = {isa = PBXBuildFile; fileRef = 38CE8617248443BB0006D609 /* DatePickerView.swift */; };
		38CE861E248579780006D609 /* DatePickerTapGestureDelegate.swift in Sources */ = {isa = PBXBuildFile; fileRef = 38CE861D248579780006D609 /* DatePickerTapGestureDelegate.swift */; };
		38CE8622248842D90006D609 /* CustomNotificationView.swift in Sources */ = {isa = PBXBuildFile; fileRef = 38CE8621248842D90006D609 /* CustomNotificationView.swift */; };
		38CE8624248845BB0006D609 /* NotificationCell.swift in Sources */ = {isa = PBXBuildFile; fileRef = 38CE8623248845BB0006D609 /* NotificationCell.swift */; };
		38E51E2F249107D800EBBF5B /* UserSettingsViewController.swift in Sources */ = {isa = PBXBuildFile; fileRef = 38E51E2E249107D800EBBF5B /* UserSettingsViewController.swift */; };
		38E51E312491144900EBBF5B /* CalendarModelController.swift in Sources */ = {isa = PBXBuildFile; fileRef = 38E51E302491144900EBBF5B /* CalendarModelController.swift */; };
		38E51E342491282100EBBF5B /* EventSection.swift in Sources */ = {isa = PBXBuildFile; fileRef = 38E51E332491282100EBBF5B /* EventSection.swift */; };
		38E51E372494295100EBBF5B /* UserSettingsView.swift in Sources */ = {isa = PBXBuildFile; fileRef = 38E51E362494295100EBBF5B /* UserSettingsView.swift */; };
		38E51E3C2496BC9500EBBF5B /* SearchEventViewController.swift in Sources */ = {isa = PBXBuildFile; fileRef = 38E51E3B2496BC9500EBBF5B /* SearchEventViewController.swift */; };
		38E51E3E2496BCA900EBBF5B /* SearchEventView.swift in Sources */ = {isa = PBXBuildFile; fileRef = 38E51E3D2496BCA900EBBF5B /* SearchEventView.swift */; };
		38E51E40249705FD00EBBF5B /* SearchedEventCell.swift in Sources */ = {isa = PBXBuildFile; fileRef = 38E51E3F249705FD00EBBF5B /* SearchedEventCell.swift */; };
		38E51E432498AEC700EBBF5B /* Scheduler.swift in Sources */ = {isa = PBXBuildFile; fileRef = 38E51E422498AEC700EBBF5B /* Scheduler.swift */; };
		38E51E452498BE1700EBBF5B /* DoneTapGestureDelegate.swift in Sources */ = {isa = PBXBuildFile; fileRef = 38E51E442498BE1700EBBF5B /* DoneTapGestureDelegate.swift */; };
		38E51E4A24993EAC00EBBF5B /* SearchEventModelController.swift in Sources */ = {isa = PBXBuildFile; fileRef = 38E51E4924993EAC00EBBF5B /* SearchEventModelController.swift */; };
		38EAF127248C202300A2FE8C /* DailyTasksModelController.swift in Sources */ = {isa = PBXBuildFile; fileRef = 38EAF126248C202300A2FE8C /* DailyTasksModelController.swift */; };
		38EAF12A248C62A900A2FE8C /* Shaking.swift in Sources */ = {isa = PBXBuildFile; fileRef = 38EAF129248C62A900A2FE8C /* Shaking.swift */; };
		38EAF12E248CCB0C00A2FE8C /* KeyboardDelegate.swift in Sources */ = {isa = PBXBuildFile; fileRef = 38EAF12D248CCB0C00A2FE8C /* KeyboardDelegate.swift */; };
		38EAF130248D78FF00A2FE8C /* UIButton+Extension.swift in Sources */ = {isa = PBXBuildFile; fileRef = 38EAF12F248D78FF00A2FE8C /* UIButton+Extension.swift */; };
		38F90B842478886B005B0BEB /* AppDelegate.swift in Sources */ = {isa = PBXBuildFile; fileRef = 38F90B832478886B005B0BEB /* AppDelegate.swift */; };
		38F90B862478886B005B0BEB /* SceneDelegate.swift in Sources */ = {isa = PBXBuildFile; fileRef = 38F90B852478886B005B0BEB /* SceneDelegate.swift */; };
		38F90B8B2478886B005B0BEB /* Main.storyboard in Resources */ = {isa = PBXBuildFile; fileRef = 38F90B892478886B005B0BEB /* Main.storyboard */; };
		38F90B8D2478886F005B0BEB /* Assets.xcassets in Resources */ = {isa = PBXBuildFile; fileRef = 38F90B8C2478886F005B0BEB /* Assets.xcassets */; };
		38F90B902478886F005B0BEB /* LaunchScreen.storyboard in Resources */ = {isa = PBXBuildFile; fileRef = 38F90B8E2478886F005B0BEB /* LaunchScreen.storyboard */; };
		38F90B9B2478886F005B0BEB /* CalendarTests.swift in Sources */ = {isa = PBXBuildFile; fileRef = 38F90B9A2478886F005B0BEB /* CalendarTests.swift */; };
		66E610471553DDB2D1059F29 /* libPods-CalendarUITests.a in Frameworks */ = {isa = PBXBuildFile; fileRef = C645C04DEC357704DE52EC7E /* libPods-CalendarUITests.a */; };
		B243BDF0145779CE5D7CD43E /* Pods_CalendarTests.framework in Frameworks */ = {isa = PBXBuildFile; fileRef = 8CF8D3221CE51D08077B9F83 /* Pods_CalendarTests.framework */; };
/* End PBXBuildFile section */

/* Begin PBXContainerItemProxy section */
		3888D21C247F7FF3009B3966 /* PBXContainerItemProxy */ = {
			isa = PBXContainerItemProxy;
			containerPortal = 38F90B782478886B005B0BEB /* Project object */;
			proxyType = 1;
			remoteGlobalIDString = 38F90B7F2478886B005B0BEB;
			remoteInfo = Calendar;
		};
		38F90B972478886F005B0BEB /* PBXContainerItemProxy */ = {
			isa = PBXContainerItemProxy;
			containerPortal = 38F90B782478886B005B0BEB /* Project object */;
			proxyType = 1;
			remoteGlobalIDString = 38F90B7F2478886B005B0BEB;
			remoteInfo = Calendar;
		};
/* End PBXContainerItemProxy section */

/* Begin PBXFileReference section */
		263537AFCBCAA24A0085A100 /* Pods-CalendarUITests.debug.xcconfig */ = {isa = PBXFileReference; includeInIndex = 1; lastKnownFileType = text.xcconfig; name = "Pods-CalendarUITests.debug.xcconfig"; path = "Target Support Files/Pods-CalendarUITests/Pods-CalendarUITests.debug.xcconfig"; sourceTree = "<group>"; };
		2CE487EBF5E05F4DC4182A7C /* Pods-CalendarTests.debug.xcconfig */ = {isa = PBXFileReference; includeInIndex = 1; lastKnownFileType = text.xcconfig; name = "Pods-CalendarTests.debug.xcconfig"; path = "Target Support Files/Pods-CalendarTests/Pods-CalendarTests.debug.xcconfig"; sourceTree = "<group>"; };
		38285B17248DFF7B00AAEE03 /* EventDetailsViewController.swift */ = {isa = PBXFileReference; lastKnownFileType = sourcecode.swift; path = EventDetailsViewController.swift; sourceTree = "<group>"; };
		38285B19248E01BD00AAEE03 /* EventDetailsView.swift */ = {isa = PBXFileReference; lastKnownFileType = sourcecode.swift; path = EventDetailsView.swift; sourceTree = "<group>"; };
		38285B1B248E078E00AAEE03 /* TitleContainerView.swift */ = {isa = PBXFileReference; lastKnownFileType = sourcecode.swift; path = TitleContainerView.swift; sourceTree = "<group>"; };
		38285B1D248E194900AAEE03 /* TimeContainerView.swift */ = {isa = PBXFileReference; lastKnownFileType = sourcecode.swift; path = TimeContainerView.swift; sourceTree = "<group>"; };
		38285B21248EDDE000AAEE03 /* BookRingView.swift */ = {isa = PBXFileReference; lastKnownFileType = sourcecode.swift; path = BookRingView.swift; sourceTree = "<group>"; };
		38285B23248F09EE00AAEE03 /* SettingsContainerView.swift */ = {isa = PBXFileReference; lastKnownFileType = sourcecode.swift; path = SettingsContainerView.swift; sourceTree = "<group>"; };
		38285B25248F78B800AAEE03 /* NotesContainerView.swift */ = {isa = PBXFileReference; lastKnownFileType = sourcecode.swift; path = NotesContainerView.swift; sourceTree = "<group>"; };
		38285B282490BCC400AAEE03 /* EventViewModel.swift */ = {isa = PBXFileReference; lastKnownFileType = sourcecode.swift; path = EventViewModel.swift; sourceTree = "<group>"; };
		38285B2A2490C42E00AAEE03 /* EventTapGestureDelegate.swift */ = {isa = PBXFileReference; lastKnownFileType = sourcecode.swift; path = EventTapGestureDelegate.swift; sourceTree = "<group>"; };
		38865C70249C73BC00FDFC0D /* SearchLocationViewController.swift */ = {isa = PBXFileReference; lastKnownFileType = sourcecode.swift; path = SearchLocationViewController.swift; sourceTree = "<group>"; };
		38865C72249C741D00FDFC0D /* SearchLocationView.swift */ = {isa = PBXFileReference; lastKnownFileType = sourcecode.swift; path = SearchLocationView.swift; sourceTree = "<group>"; };
		3888D1A1247AF88E009B3966 /* LoginViewController.swift */ = {isa = PBXFileReference; lastKnownFileType = sourcecode.swift; path = LoginViewController.swift; sourceTree = "<group>"; };
		3888D1A6247B0F28009B3966 /* LoginView.swift */ = {isa = PBXFileReference; lastKnownFileType = sourcecode.swift; path = LoginView.swift; sourceTree = "<group>"; };
		3888D1A8247B1091009B3966 /* AppLogoView.swift */ = {isa = PBXFileReference; lastKnownFileType = sourcecode.swift; path = AppLogoView.swift; sourceTree = "<group>"; };
		3888D1AB247B110E009B3966 /* Constants.swift */ = {isa = PBXFileReference; lastKnownFileType = sourcecode.swift; path = Constants.swift; sourceTree = "<group>"; };
		3888D1B1247B155F009B3966 /* CustomContainerView.swift */ = {isa = PBXFileReference; lastKnownFileType = sourcecode.swift; path = CustomContainerView.swift; sourceTree = "<group>"; };
		3888D1B3247B181B009B3966 /* InputView.swift */ = {isa = PBXFileReference; lastKnownFileType = sourcecode.swift; path = InputView.swift; sourceTree = "<group>"; };
		3888D1B5247B1895009B3966 /* CustomTextField.swift */ = {isa = PBXFileReference; lastKnownFileType = sourcecode.swift; path = CustomTextField.swift; sourceTree = "<group>"; };
		3888D1B7247B29F3009B3966 /* AppColor.swift */ = {isa = PBXFileReference; lastKnownFileType = sourcecode.swift; path = AppColor.swift; sourceTree = "<group>"; };
		3888D1B9247B2C5C009B3966 /* IconButton.swift */ = {isa = PBXFileReference; lastKnownFileType = sourcecode.swift; path = IconButton.swift; sourceTree = "<group>"; };
		3888D1BB247B460F009B3966 /* RoundedButton.swift */ = {isa = PBXFileReference; lastKnownFileType = sourcecode.swift; path = RoundedButton.swift; sourceTree = "<group>"; };
		3888D1BD247B4D5D009B3966 /* UIView+Extension.swift */ = {isa = PBXFileReference; lastKnownFileType = sourcecode.swift; path = "UIView+Extension.swift"; sourceTree = "<group>"; };
		3888D1BF247B501F009B3966 /* CustomLabel.swift */ = {isa = PBXFileReference; lastKnownFileType = sourcecode.swift; path = CustomLabel.swift; sourceTree = "<group>"; };
		3888D1C3247B5685009B3966 /* ErrorLabel.swift */ = {isa = PBXFileReference; lastKnownFileType = sourcecode.swift; path = ErrorLabel.swift; sourceTree = "<group>"; };
		3888D1C9247B7C5C009B3966 /* Authentication.swift */ = {isa = PBXFileReference; lastKnownFileType = sourcecode.swift; path = Authentication.swift; sourceTree = "<group>"; };
		3888D1CB247B7C92009B3966 /* Database.swift */ = {isa = PBXFileReference; lastKnownFileType = sourcecode.swift; path = Database.swift; sourceTree = "<group>"; };
		3888D1CE247B7DF8009B3966 /* FirebaseService.swift */ = {isa = PBXFileReference; lastKnownFileType = sourcecode.swift; path = FirebaseService.swift; sourceTree = "<group>"; };
		3888D1D2247B811A009B3966 /* GoogleService-Info.plist */ = {isa = PBXFileReference; fileEncoding = 4; lastKnownFileType = text.plist.xml; path = "GoogleService-Info.plist"; sourceTree = "<group>"; };
		3888D1D4247B81C9009B3966 /* calendar.json */ = {isa = PBXFileReference; fileEncoding = 4; lastKnownFileType = text.json; path = calendar.json; sourceTree = "<group>"; };
		3888D1D6247B824D009B3966 /* DailyTaskViewController.swift */ = {isa = PBXFileReference; lastKnownFileType = sourcecode.swift; path = DailyTaskViewController.swift; sourceTree = "<group>"; };
		3888D1DD247C48B7009B3966 /* DailyTasksMainView.swift */ = {isa = PBXFileReference; lastKnownFileType = sourcecode.swift; path = DailyTasksMainView.swift; sourceTree = "<group>"; };
		3888D1F9247DE5AD009B3966 /* CustomScrollView.swift */ = {isa = PBXFileReference; lastKnownFileType = sourcecode.swift; path = CustomScrollView.swift; sourceTree = "<group>"; };
		3888D1FB247DE679009B3966 /* TimeDividerView.swift */ = {isa = PBXFileReference; lastKnownFileType = sourcecode.swift; path = TimeDividerView.swift; sourceTree = "<group>"; };
		3888D1FD247E1E80009B3966 /* EventView.swift */ = {isa = PBXFileReference; lastKnownFileType = sourcecode.swift; path = EventView.swift; sourceTree = "<group>"; };
		3888D201247F3BED009B3966 /* RunningTimeLineView.swift */ = {isa = PBXFileReference; lastKnownFileType = sourcecode.swift; path = RunningTimeLineView.swift; sourceTree = "<group>"; };
		3888D204247F46EC009B3966 /* Event.swift */ = {isa = PBXFileReference; lastKnownFileType = sourcecode.swift; path = Event.swift; sourceTree = "<group>"; };
		3888D206247F5741009B3966 /* BottomBarView.swift */ = {isa = PBXFileReference; lastKnownFileType = sourcecode.swift; path = BottomBarView.swift; sourceTree = "<group>"; };
		3888D20A247F6C55009B3966 /* EventLayoutGeneratorTests.swift */ = {isa = PBXFileReference; lastKnownFileType = sourcecode.swift; path = EventLayoutGeneratorTests.swift; sourceTree = "<group>"; };
		3888D20C247F722F009B3966 /* EventLayoutGenerator.swift */ = {isa = PBXFileReference; lastKnownFileType = sourcecode.swift; path = EventLayoutGenerator.swift; sourceTree = "<group>"; };
		3888D217247F7FF3009B3966 /* CalendarUITests.xctest */ = {isa = PBXFileReference; explicitFileType = wrapper.cfbundle; includeInIndex = 0; path = CalendarUITests.xctest; sourceTree = BUILT_PRODUCTS_DIR; };
		3888D219247F7FF3009B3966 /* CalendarUITests.swift */ = {isa = PBXFileReference; lastKnownFileType = sourcecode.swift; path = CalendarUITests.swift; sourceTree = "<group>"; };
		3888D21B247F7FF3009B3966 /* Info.plist */ = {isa = PBXFileReference; lastKnownFileType = text.plist.xml; path = Info.plist; sourceTree = "<group>"; };
		3888D224247F90B0009B3966 /* CalendarViewController.swift */ = {isa = PBXFileReference; lastKnownFileType = sourcecode.swift; path = CalendarViewController.swift; sourceTree = "<group>"; };
		3888D226247F910E009B3966 /* CalendarMainView.swift */ = {isa = PBXFileReference; lastKnownFileType = sourcecode.swift; path = CalendarMainView.swift; sourceTree = "<group>"; };
		3888D229248028F9009B3966 /* BackButton.swift */ = {isa = PBXFileReference; lastKnownFileType = sourcecode.swift; path = BackButton.swift; sourceTree = "<group>"; };
		3888D22D2480444A009B3966 /* TextButton.swift */ = {isa = PBXFileReference; lastKnownFileType = sourcecode.swift; path = TextButton.swift; sourceTree = "<group>"; };
		3888D22F248060D2009B3966 /* DateCell.swift */ = {isa = PBXFileReference; lastKnownFileType = sourcecode.swift; path = DateCell.swift; sourceTree = "<group>"; };
		3888D23124806D30009B3966 /* WeekDaysView.swift */ = {isa = PBXFileReference; lastKnownFileType = sourcecode.swift; path = WeekDaysView.swift; sourceTree = "<group>"; };
		3888D2352480B597009B3966 /* DateCounter.swift */ = {isa = PBXFileReference; lastKnownFileType = sourcecode.swift; path = DateCounter.swift; sourceTree = "<group>"; };
		3888D2372480B5C2009B3966 /* DateCounterTests.swift */ = {isa = PBXFileReference; lastKnownFileType = sourcecode.swift; path = DateCounterTests.swift; sourceTree = "<group>"; };
		3888D23924819F53009B3966 /* CircleView.swift */ = {isa = PBXFileReference; lastKnownFileType = sourcecode.swift; path = CircleView.swift; sourceTree = "<group>"; };
		3888D24124822466009B3966 /* DateConverter.swift */ = {isa = PBXFileReference; lastKnownFileType = sourcecode.swift; path = DateConverter.swift; sourceTree = "<group>"; };
		3888D24324831B72009B3966 /* SlideView.swift */ = {isa = PBXFileReference; lastKnownFileType = sourcecode.swift; path = SlideView.swift; sourceTree = "<group>"; };
		3888D245248325E0009B3966 /* ScheduleCell.swift */ = {isa = PBXFileReference; lastKnownFileType = sourcecode.swift; path = ScheduleCell.swift; sourceTree = "<group>"; };
		3888D24724837F34009B3966 /* CustomHeaderView.swift */ = {isa = PBXFileReference; lastKnownFileType = sourcecode.swift; path = CustomHeaderView.swift; sourceTree = "<group>"; };
		3888D24E2483EC40009B3966 /* NewEventViewController.swift */ = {isa = PBXFileReference; lastKnownFileType = sourcecode.swift; path = NewEventViewController.swift; sourceTree = "<group>"; };
		3888D2502483EE7B009B3966 /* NewEventView.swift */ = {isa = PBXFileReference; lastKnownFileType = sourcecode.swift; path = NewEventView.swift; sourceTree = "<group>"; };
		3888D2532484154C009B3966 /* SectionTitleLabel.swift */ = {isa = PBXFileReference; lastKnownFileType = sourcecode.swift; path = SectionTitleLabel.swift; sourceTree = "<group>"; };
		38CE861524842A000006D609 /* CustomTextView.swift */ = {isa = PBXFileReference; lastKnownFileType = sourcecode.swift; path = CustomTextView.swift; sourceTree = "<group>"; };
		38CE8617248443BB0006D609 /* DatePickerView.swift */ = {isa = PBXFileReference; lastKnownFileType = sourcecode.swift; path = DatePickerView.swift; sourceTree = "<group>"; };
		38CE861D248579780006D609 /* DatePickerTapGestureDelegate.swift */ = {isa = PBXFileReference; fileEncoding = 4; lastKnownFileType = sourcecode.swift; path = DatePickerTapGestureDelegate.swift; sourceTree = "<group>"; };
		38CE8621248842D90006D609 /* CustomNotificationView.swift */ = {isa = PBXFileReference; lastKnownFileType = sourcecode.swift; path = CustomNotificationView.swift; sourceTree = "<group>"; };
		38CE8623248845BB0006D609 /* NotificationCell.swift */ = {isa = PBXFileReference; lastKnownFileType = sourcecode.swift; path = NotificationCell.swift; sourceTree = "<group>"; };
		38E51E2E249107D800EBBF5B /* UserSettingsViewController.swift */ = {isa = PBXFileReference; lastKnownFileType = sourcecode.swift; path = UserSettingsViewController.swift; sourceTree = "<group>"; };
		38E51E302491144900EBBF5B /* CalendarModelController.swift */ = {isa = PBXFileReference; lastKnownFileType = sourcecode.swift; path = CalendarModelController.swift; sourceTree = "<group>"; };
		38E51E332491282100EBBF5B /* EventSection.swift */ = {isa = PBXFileReference; lastKnownFileType = sourcecode.swift; path = EventSection.swift; sourceTree = "<group>"; };
		38E51E362494295100EBBF5B /* UserSettingsView.swift */ = {isa = PBXFileReference; lastKnownFileType = sourcecode.swift; path = UserSettingsView.swift; sourceTree = "<group>"; };
		38E51E3B2496BC9500EBBF5B /* SearchEventViewController.swift */ = {isa = PBXFileReference; lastKnownFileType = sourcecode.swift; path = SearchEventViewController.swift; sourceTree = "<group>"; };
		38E51E3D2496BCA900EBBF5B /* SearchEventView.swift */ = {isa = PBXFileReference; lastKnownFileType = sourcecode.swift; path = SearchEventView.swift; sourceTree = "<group>"; };
		38E51E3F249705FD00EBBF5B /* SearchedEventCell.swift */ = {isa = PBXFileReference; lastKnownFileType = sourcecode.swift; path = SearchedEventCell.swift; sourceTree = "<group>"; };
		38E51E422498AEC700EBBF5B /* Scheduler.swift */ = {isa = PBXFileReference; lastKnownFileType = sourcecode.swift; path = Scheduler.swift; sourceTree = "<group>"; };
		38E51E442498BE1700EBBF5B /* DoneTapGestureDelegate.swift */ = {isa = PBXFileReference; lastKnownFileType = sourcecode.swift; path = DoneTapGestureDelegate.swift; sourceTree = "<group>"; };
		38E51E4924993EAC00EBBF5B /* SearchEventModelController.swift */ = {isa = PBXFileReference; lastKnownFileType = sourcecode.swift; path = SearchEventModelController.swift; sourceTree = "<group>"; };
		38EAF126248C202300A2FE8C /* DailyTasksModelController.swift */ = {isa = PBXFileReference; lastKnownFileType = sourcecode.swift; path = DailyTasksModelController.swift; sourceTree = "<group>"; };
		38EAF129248C62A900A2FE8C /* Shaking.swift */ = {isa = PBXFileReference; lastKnownFileType = sourcecode.swift; path = Shaking.swift; sourceTree = "<group>"; };
		38EAF12D248CCB0C00A2FE8C /* KeyboardDelegate.swift */ = {isa = PBXFileReference; lastKnownFileType = sourcecode.swift; path = KeyboardDelegate.swift; sourceTree = "<group>"; };
		38EAF12F248D78FF00A2FE8C /* UIButton+Extension.swift */ = {isa = PBXFileReference; lastKnownFileType = sourcecode.swift; path = "UIButton+Extension.swift"; sourceTree = "<group>"; };
		38F90B802478886B005B0BEB /* Calendar.app */ = {isa = PBXFileReference; explicitFileType = wrapper.application; includeInIndex = 0; path = Calendar.app; sourceTree = BUILT_PRODUCTS_DIR; };
		38F90B832478886B005B0BEB /* AppDelegate.swift */ = {isa = PBXFileReference; lastKnownFileType = sourcecode.swift; path = AppDelegate.swift; sourceTree = "<group>"; };
		38F90B852478886B005B0BEB /* SceneDelegate.swift */ = {isa = PBXFileReference; lastKnownFileType = sourcecode.swift; path = SceneDelegate.swift; sourceTree = "<group>"; };
		38F90B8A2478886B005B0BEB /* Base */ = {isa = PBXFileReference; lastKnownFileType = file.storyboard; name = Base; path = Base.lproj/Main.storyboard; sourceTree = "<group>"; };
		38F90B8C2478886F005B0BEB /* Assets.xcassets */ = {isa = PBXFileReference; lastKnownFileType = folder.assetcatalog; path = Assets.xcassets; sourceTree = "<group>"; };
		38F90B8F2478886F005B0BEB /* Base */ = {isa = PBXFileReference; lastKnownFileType = file.storyboard; name = Base; path = Base.lproj/LaunchScreen.storyboard; sourceTree = "<group>"; };
		38F90B912478886F005B0BEB /* Info.plist */ = {isa = PBXFileReference; lastKnownFileType = text.plist.xml; path = Info.plist; sourceTree = "<group>"; };
		38F90B962478886F005B0BEB /* CalendarTests.xctest */ = {isa = PBXFileReference; explicitFileType = wrapper.cfbundle; includeInIndex = 0; path = CalendarTests.xctest; sourceTree = BUILT_PRODUCTS_DIR; };
		38F90B9A2478886F005B0BEB /* CalendarTests.swift */ = {isa = PBXFileReference; lastKnownFileType = sourcecode.swift; path = CalendarTests.swift; sourceTree = "<group>"; };
		38F90B9C2478886F005B0BEB /* Info.plist */ = {isa = PBXFileReference; lastKnownFileType = text.plist.xml; path = Info.plist; sourceTree = "<group>"; };
		4473E30449CC78953091211E /* Pods-CalendarUITests.release.xcconfig */ = {isa = PBXFileReference; includeInIndex = 1; lastKnownFileType = text.xcconfig; name = "Pods-CalendarUITests.release.xcconfig"; path = "Target Support Files/Pods-CalendarUITests/Pods-CalendarUITests.release.xcconfig"; sourceTree = "<group>"; };
		49DCB57DC0E54117EF4BAB37 /* Pods-CalendarTests.release.xcconfig */ = {isa = PBXFileReference; includeInIndex = 1; lastKnownFileType = text.xcconfig; name = "Pods-CalendarTests.release.xcconfig"; path = "Target Support Files/Pods-CalendarTests/Pods-CalendarTests.release.xcconfig"; sourceTree = "<group>"; };
		55F0039F379E7D6F5FAFDB00 /* Pods-Calendar.debug.xcconfig */ = {isa = PBXFileReference; includeInIndex = 1; lastKnownFileType = text.xcconfig; name = "Pods-Calendar.debug.xcconfig"; path = "Target Support Files/Pods-Calendar/Pods-Calendar.debug.xcconfig"; sourceTree = "<group>"; };
		8CF8D3221CE51D08077B9F83 /* Pods_CalendarTests.framework */ = {isa = PBXFileReference; explicitFileType = wrapper.framework; includeInIndex = 0; path = Pods_CalendarTests.framework; sourceTree = BUILT_PRODUCTS_DIR; };
		B0BEBF8BAB7593FFF4E1C9B9 /* Pods-Calendar.release.xcconfig */ = {isa = PBXFileReference; includeInIndex = 1; lastKnownFileType = text.xcconfig; name = "Pods-Calendar.release.xcconfig"; path = "Target Support Files/Pods-Calendar/Pods-Calendar.release.xcconfig"; sourceTree = "<group>"; };
		B768A1183D97CBE4A0344DF6 /* Pods_Calendar.framework */ = {isa = PBXFileReference; explicitFileType = wrapper.framework; includeInIndex = 0; path = Pods_Calendar.framework; sourceTree = BUILT_PRODUCTS_DIR; };
		C645C04DEC357704DE52EC7E /* libPods-CalendarUITests.a */ = {isa = PBXFileReference; explicitFileType = archive.ar; includeInIndex = 0; path = "libPods-CalendarUITests.a"; sourceTree = BUILT_PRODUCTS_DIR; };
/* End PBXFileReference section */

/* Begin PBXFrameworksBuildPhase section */
		3888D214247F7FF3009B3966 /* Frameworks */ = {
			isa = PBXFrameworksBuildPhase;
			buildActionMask = 2147483647;
			files = (
				66E610471553DDB2D1059F29 /* libPods-CalendarUITests.a in Frameworks */,
			);
			runOnlyForDeploymentPostprocessing = 0;
		};
		38F90B7D2478886B005B0BEB /* Frameworks */ = {
			isa = PBXFrameworksBuildPhase;
			buildActionMask = 2147483647;
			files = (
				1872FBCFB4E96DEB9A814099 /* Pods_Calendar.framework in Frameworks */,
			);
			runOnlyForDeploymentPostprocessing = 0;
		};
		38F90B932478886F005B0BEB /* Frameworks */ = {
			isa = PBXFrameworksBuildPhase;
			buildActionMask = 2147483647;
			files = (
				B243BDF0145779CE5D7CD43E /* Pods_CalendarTests.framework in Frameworks */,
			);
			runOnlyForDeploymentPostprocessing = 0;
		};
/* End PBXFrameworksBuildPhase section */

/* Begin PBXGroup section */
		38285B14248DFE6C00AAEE03 /* EventDetailsScreen */ = {
			isa = PBXGroup;
			children = (
				38285B16248DFF4500AAEE03 /* Controller */,
				38285B15248DFF3C00AAEE03 /* View */,
			);
			path = EventDetailsScreen;
			sourceTree = "<group>";
		};
		38285B15248DFF3C00AAEE03 /* View */ = {
			isa = PBXGroup;
			children = (
				38285B19248E01BD00AAEE03 /* EventDetailsView.swift */,
				38285B1B248E078E00AAEE03 /* TitleContainerView.swift */,
				38285B1D248E194900AAEE03 /* TimeContainerView.swift */,
				38285B21248EDDE000AAEE03 /* BookRingView.swift */,
				38285B23248F09EE00AAEE03 /* SettingsContainerView.swift */,
				38285B25248F78B800AAEE03 /* NotesContainerView.swift */,
			);
			path = View;
			sourceTree = "<group>";
		};
		38285B16248DFF4500AAEE03 /* Controller */ = {
			isa = PBXGroup;
			children = (
				38285B17248DFF7B00AAEE03 /* EventDetailsViewController.swift */,
			);
			path = Controller;
			sourceTree = "<group>";
		};
		38285B272490BCA100AAEE03 /* ViewModel */ = {
			isa = PBXGroup;
			children = (
				38285B282490BCC400AAEE03 /* EventViewModel.swift */,
			);
			path = ViewModel;
			sourceTree = "<group>";
		};
		38865C6D249C737A00FDFC0D /* SearchLocationScreen */ = {
			isa = PBXGroup;
			children = (
				38865C6E249C73A400FDFC0D /* View */,
				38865C6F249C73A900FDFC0D /* Controller */,
			);
			path = SearchLocationScreen;
			sourceTree = "<group>";
		};
		38865C6E249C73A400FDFC0D /* View */ = {
			isa = PBXGroup;
			children = (
				38865C72249C741D00FDFC0D /* SearchLocationView.swift */,
			);
			path = View;
			sourceTree = "<group>";
		};
		38865C6F249C73A900FDFC0D /* Controller */ = {
			isa = PBXGroup;
			children = (
				38865C70249C73BC00FDFC0D /* SearchLocationViewController.swift */,
			);
			path = Controller;
			sourceTree = "<group>";
		};
		3888D1A0247AF84B009B3966 /* LoginScreen */ = {
			isa = PBXGroup;
			children = (
				3888D1A4247B0F10009B3966 /* View */,
				3888D1A3247B0EF7009B3966 /* Controller */,
			);
			path = LoginScreen;
			sourceTree = "<group>";
		};
		3888D1A3247B0EF7009B3966 /* Controller */ = {
			isa = PBXGroup;
			children = (
				3888D1A1247AF88E009B3966 /* LoginViewController.swift */,
			);
			path = Controller;
			sourceTree = "<group>";
		};
		3888D1A4247B0F10009B3966 /* View */ = {
			isa = PBXGroup;
			children = (
				3888D1A6247B0F28009B3966 /* LoginView.swift */,
				3888D1A8247B1091009B3966 /* AppLogoView.swift */,
				3888D1B3247B181B009B3966 /* InputView.swift */,
			);
			path = View;
			sourceTree = "<group>";
		};
		3888D1AA247B10F9009B3966 /* Helpers */ = {
			isa = PBXGroup;
			children = (
				3888D1AB247B110E009B3966 /* Constants.swift */,
				3888D1B7247B29F3009B3966 /* AppColor.swift */,
				3888D1BD247B4D5D009B3966 /* UIView+Extension.swift */,
				38EAF12F248D78FF00A2FE8C /* UIButton+Extension.swift */,
			);
			path = Helpers;
			sourceTree = "<group>";
		};
		3888D1AD247B11A4009B3966 /* LottieFiles */ = {
			isa = PBXGroup;
			children = (
				3888D1D4247B81C9009B3966 /* calendar.json */,
			);
			path = LottieFiles;
			sourceTree = "<group>";
		};
		3888D1B0247B154B009B3966 /* View */ = {
			isa = PBXGroup;
			children = (
				3888D228248028A9009B3966 /* Button */,
				3888D1B1247B155F009B3966 /* CustomContainerView.swift */,
				3888D1B5247B1895009B3966 /* CustomTextField.swift */,
				3888D1BF247B501F009B3966 /* CustomLabel.swift */,
				3888D1C3247B5685009B3966 /* ErrorLabel.swift */,
				3888D1F9247DE5AD009B3966 /* CustomScrollView.swift */,
				38CE861524842A000006D609 /* CustomTextView.swift */,
			);
			path = View;
			sourceTree = "<group>";
		};
		3888D1C8247B7C46009B3966 /* Protocol */ = {
			isa = PBXGroup;
			children = (
				3888D1C9247B7C5C009B3966 /* Authentication.swift */,
				3888D1CB247B7C92009B3966 /* Database.swift */,
				38CE861D248579780006D609 /* DatePickerTapGestureDelegate.swift */,
				38EAF12D248CCB0C00A2FE8C /* KeyboardDelegate.swift */,
				38EAF129248C62A900A2FE8C /* Shaking.swift */,
				38285B2A2490C42E00AAEE03 /* EventTapGestureDelegate.swift */,
				38E51E442498BE1700EBBF5B /* DoneTapGestureDelegate.swift */,
			);
			path = Protocol;
			sourceTree = "<group>";
		};
		3888D1CD247B7DDD009B3966 /* Services */ = {
			isa = PBXGroup;
			children = (
				3888D1CE247B7DF8009B3966 /* FirebaseService.swift */,
			);
			path = Services;
			sourceTree = "<group>";
		};
		3888D1DA247C47BD009B3966 /* DailyTasksScreen */ = {
			isa = PBXGroup;
			children = (
				3888D20E247F7982009B3966 /* Logic */,
				3888D1DB247C47DE009B3966 /* View */,
				38285B272490BCA100AAEE03 /* ViewModel */,
				3888D1DC247C4818009B3966 /* Controller */,
			);
			path = DailyTasksScreen;
			sourceTree = "<group>";
		};
		3888D1DB247C47DE009B3966 /* View */ = {
			isa = PBXGroup;
			children = (
				3888D1DD247C48B7009B3966 /* DailyTasksMainView.swift */,
				3888D1FD247E1E80009B3966 /* EventView.swift */,
				3888D1FB247DE679009B3966 /* TimeDividerView.swift */,
				3888D201247F3BED009B3966 /* RunningTimeLineView.swift */,
				3888D206247F5741009B3966 /* BottomBarView.swift */,
			);
			path = View;
			sourceTree = "<group>";
		};
		3888D1DC247C4818009B3966 /* Controller */ = {
			isa = PBXGroup;
			children = (
				3888D1D6247B824D009B3966 /* DailyTaskViewController.swift */,
				38EAF126248C202300A2FE8C /* DailyTasksModelController.swift */,
			);
			path = Controller;
			sourceTree = "<group>";
		};
		3888D203247F46C6009B3966 /* Model */ = {
			isa = PBXGroup;
			children = (
				3888D204247F46EC009B3966 /* Event.swift */,
			);
			path = Model;
			sourceTree = "<group>";
		};
		3888D209247F6C29009B3966 /* DailyTaskTests */ = {
			isa = PBXGroup;
			children = (
				3888D20A247F6C55009B3966 /* EventLayoutGeneratorTests.swift */,
			);
			path = DailyTaskTests;
			sourceTree = "<group>";
		};
		3888D20E247F7982009B3966 /* Logic */ = {
			isa = PBXGroup;
			children = (
				3888D20C247F722F009B3966 /* EventLayoutGenerator.swift */,
			);
			path = Logic;
			sourceTree = "<group>";
		};
		3888D218247F7FF3009B3966 /* CalendarUITests */ = {
			isa = PBXGroup;
			children = (
				3888D219247F7FF3009B3966 /* CalendarUITests.swift */,
				3888D21B247F7FF3009B3966 /* Info.plist */,
			);
			path = CalendarUITests;
			sourceTree = "<group>";
		};
		3888D221247F9078009B3966 /* CalendarScreen */ = {
			isa = PBXGroup;
			children = (
				3888D24124822466009B3966 /* DateConverter.swift */,
				3888D2352480B597009B3966 /* DateCounter.swift */,
				38E51E32249127BA00EBBF5B /* Model */,
				3888D223247F909B009B3966 /* Controller */,
				3888D222247F9096009B3966 /* View */,
			);
			path = CalendarScreen;
			sourceTree = "<group>";
		};
		3888D222247F9096009B3966 /* View */ = {
			isa = PBXGroup;
			children = (
				3888D226247F910E009B3966 /* CalendarMainView.swift */,
				3888D245248325E0009B3966 /* ScheduleCell.swift */,
				3888D22F248060D2009B3966 /* DateCell.swift */,
				3888D24324831B72009B3966 /* SlideView.swift */,
				3888D23924819F53009B3966 /* CircleView.swift */,
				3888D23124806D30009B3966 /* WeekDaysView.swift */,
				3888D24724837F34009B3966 /* CustomHeaderView.swift */,
			);
			path = View;
			sourceTree = "<group>";
		};
		3888D223247F909B009B3966 /* Controller */ = {
			isa = PBXGroup;
			children = (
				3888D224247F90B0009B3966 /* CalendarViewController.swift */,
				38E51E302491144900EBBF5B /* CalendarModelController.swift */,
			);
			path = Controller;
			sourceTree = "<group>";
		};
		3888D228248028A9009B3966 /* Button */ = {
			isa = PBXGroup;
			children = (
				3888D1B9247B2C5C009B3966 /* IconButton.swift */,
				3888D1BB247B460F009B3966 /* RoundedButton.swift */,
				3888D229248028F9009B3966 /* BackButton.swift */,
				3888D22D2480444A009B3966 /* TextButton.swift */,
			);
			path = Button;
			sourceTree = "<group>";
		};
		3888D24D2483EC23009B3966 /* NewEventScreen */ = {
			isa = PBXGroup;
			children = (
				38E51E422498AEC700EBBF5B /* Scheduler.swift */,
				3888D2522484152D009B3966 /* View */,
				38E51E412497FD3700EBBF5B /* Controller */,
			);
			path = NewEventScreen;
			sourceTree = "<group>";
		};
		3888D2522484152D009B3966 /* View */ = {
			isa = PBXGroup;
			children = (
				3888D2502483EE7B009B3966 /* NewEventView.swift */,
				3888D2532484154C009B3966 /* SectionTitleLabel.swift */,
				38CE8617248443BB0006D609 /* DatePickerView.swift */,
				38CE8621248842D90006D609 /* CustomNotificationView.swift */,
				38CE8623248845BB0006D609 /* NotificationCell.swift */,
			);
			path = View;
			sourceTree = "<group>";
		};
		38E51E2D249107A100EBBF5B /* UserSettingsScreen */ = {
			isa = PBXGroup;
			children = (
				38E51E2E249107D800EBBF5B /* UserSettingsViewController.swift */,
				38E51E362494295100EBBF5B /* UserSettingsView.swift */,
			);
			path = UserSettingsScreen;
			sourceTree = "<group>";
		};
		38E51E32249127BA00EBBF5B /* Model */ = {
			isa = PBXGroup;
			children = (
				38E51E332491282100EBBF5B /* EventSection.swift */,
			);
			path = Model;
			sourceTree = "<group>";
		};
		38E51E382496BB9B00EBBF5B /* SearchEventScreen */ = {
			isa = PBXGroup;
			children = (
				38E51E392496BC7700EBBF5B /* View */,
				38E51E3A2496BC7F00EBBF5B /* Controller */,
			);
			path = SearchEventScreen;
			sourceTree = "<group>";
		};
		38E51E392496BC7700EBBF5B /* View */ = {
			isa = PBXGroup;
			children = (
				38E51E3D2496BCA900EBBF5B /* SearchEventView.swift */,
				38E51E3F249705FD00EBBF5B /* SearchedEventCell.swift */,
			);
			path = View;
			sourceTree = "<group>";
		};
		38E51E3A2496BC7F00EBBF5B /* Controller */ = {
			isa = PBXGroup;
			children = (
				38E51E3B2496BC9500EBBF5B /* SearchEventViewController.swift */,
				38E51E4924993EAC00EBBF5B /* SearchEventModelController.swift */,
			);
			path = Controller;
			sourceTree = "<group>";
		};
		38E51E412497FD3700EBBF5B /* Controller */ = {
			isa = PBXGroup;
			children = (
				3888D24E2483EC40009B3966 /* NewEventViewController.swift */,
			);
			path = Controller;
			sourceTree = "<group>";
		};
		38F90B772478886B005B0BEB = {
			isa = PBXGroup;
			children = (
				38F90B822478886B005B0BEB /* Calendar */,
				38F90B992478886F005B0BEB /* CalendarTests */,
				3888D218247F7FF3009B3966 /* CalendarUITests */,
				38F90B812478886B005B0BEB /* Products */,
				66AA9BE2E04B7F531E91182C /* Pods */,
				D0A4E0ABE4E233CF0F65FF47 /* Frameworks */,
			);
			sourceTree = "<group>";
		};
		38F90B812478886B005B0BEB /* Products */ = {
			isa = PBXGroup;
			children = (
				38F90B802478886B005B0BEB /* Calendar.app */,
				38F90B962478886F005B0BEB /* CalendarTests.xctest */,
				3888D217247F7FF3009B3966 /* CalendarUITests.xctest */,
			);
			name = Products;
			sourceTree = "<group>";
		};
		38F90B822478886B005B0BEB /* Calendar */ = {
			isa = PBXGroup;
			children = (
				38F90B832478886B005B0BEB /* AppDelegate.swift */,
				38F90B852478886B005B0BEB /* SceneDelegate.swift */,
				3888D203247F46C6009B3966 /* Model */,
				3888D1CD247B7DDD009B3966 /* Services */,
				3888D1B0247B154B009B3966 /* View */,
				3888D1A0247AF84B009B3966 /* LoginScreen */,
				3888D1DA247C47BD009B3966 /* DailyTasksScreen */,
				3888D221247F9078009B3966 /* CalendarScreen */,
				38E51E382496BB9B00EBBF5B /* SearchEventScreen */,
				38285B14248DFE6C00AAEE03 /* EventDetailsScreen */,
				38865C6D249C737A00FDFC0D /* SearchLocationScreen */,
				3888D24D2483EC23009B3966 /* NewEventScreen */,
				38E51E2D249107A100EBBF5B /* UserSettingsScreen */,
				3888D1C8247B7C46009B3966 /* Protocol */,
				3888D1AA247B10F9009B3966 /* Helpers */,
				38F90BA624789964005B0BEB /* SupportingFiles */,
				38F90BA5247898D5005B0BEB /* Storyboard */,
				38F90B912478886F005B0BEB /* Info.plist */,
				3888D1D2247B811A009B3966 /* GoogleService-Info.plist */,
			);
			path = Calendar;
			sourceTree = "<group>";
		};
		38F90B992478886F005B0BEB /* CalendarTests */ = {
			isa = PBXGroup;
			children = (
				3888D209247F6C29009B3966 /* DailyTaskTests */,
				38F90B9A2478886F005B0BEB /* CalendarTests.swift */,
				38F90B9C2478886F005B0BEB /* Info.plist */,
				3888D2372480B5C2009B3966 /* DateCounterTests.swift */,
			);
			path = CalendarTests;
			sourceTree = "<group>";
		};
		38F90BA5247898D5005B0BEB /* Storyboard */ = {
			isa = PBXGroup;
			children = (
				38F90B892478886B005B0BEB /* Main.storyboard */,
				38F90B8E2478886F005B0BEB /* LaunchScreen.storyboard */,
			);
			path = Storyboard;
			sourceTree = "<group>";
		};
		38F90BA624789964005B0BEB /* SupportingFiles */ = {
			isa = PBXGroup;
			children = (
				3888D1AD247B11A4009B3966 /* LottieFiles */,
				38F90B8C2478886F005B0BEB /* Assets.xcassets */,
			);
			path = SupportingFiles;
			sourceTree = "<group>";
		};
		66AA9BE2E04B7F531E91182C /* Pods */ = {
			isa = PBXGroup;
			children = (
				55F0039F379E7D6F5FAFDB00 /* Pods-Calendar.debug.xcconfig */,
				B0BEBF8BAB7593FFF4E1C9B9 /* Pods-Calendar.release.xcconfig */,
				2CE487EBF5E05F4DC4182A7C /* Pods-CalendarTests.debug.xcconfig */,
				49DCB57DC0E54117EF4BAB37 /* Pods-CalendarTests.release.xcconfig */,
				263537AFCBCAA24A0085A100 /* Pods-CalendarUITests.debug.xcconfig */,
				4473E30449CC78953091211E /* Pods-CalendarUITests.release.xcconfig */,
			);
			path = Pods;
			sourceTree = "<group>";
		};
		D0A4E0ABE4E233CF0F65FF47 /* Frameworks */ = {
			isa = PBXGroup;
			children = (
				B768A1183D97CBE4A0344DF6 /* Pods_Calendar.framework */,
				8CF8D3221CE51D08077B9F83 /* Pods_CalendarTests.framework */,
				C645C04DEC357704DE52EC7E /* libPods-CalendarUITests.a */,
			);
			name = Frameworks;
			sourceTree = "<group>";
		};
/* End PBXGroup section */

/* Begin PBXNativeTarget section */
		3888D216247F7FF3009B3966 /* CalendarUITests */ = {
			isa = PBXNativeTarget;
			buildConfigurationList = 3888D21E247F7FF3009B3966 /* Build configuration list for PBXNativeTarget "CalendarUITests" */;
			buildPhases = (
				65B5837513BE2C3C78AB60A5 /* [CP] Check Pods Manifest.lock */,
				3888D213247F7FF3009B3966 /* Sources */,
				3888D214247F7FF3009B3966 /* Frameworks */,
				3888D215247F7FF3009B3966 /* Resources */,
			);
			buildRules = (
			);
			dependencies = (
				3888D21D247F7FF3009B3966 /* PBXTargetDependency */,
			);
			name = CalendarUITests;
			productName = CalendarUITests;
			productReference = 3888D217247F7FF3009B3966 /* CalendarUITests.xctest */;
			productType = "com.apple.product-type.bundle.ui-testing";
		};
		38F90B7F2478886B005B0BEB /* Calendar */ = {
			isa = PBXNativeTarget;
			buildConfigurationList = 38F90B9F2478886F005B0BEB /* Build configuration list for PBXNativeTarget "Calendar" */;
			buildPhases = (
				3EFBA54B6816DD9952B57F81 /* [CP] Check Pods Manifest.lock */,
				38F90B7C2478886B005B0BEB /* Sources */,
				38F90B7D2478886B005B0BEB /* Frameworks */,
				38F90B7E2478886B005B0BEB /* Resources */,
				82B59D49D0DAD4BAE97CEA50 /* [CP] Embed Pods Frameworks */,
				38EAF128248C35B700A2FE8C /* ShellScript */,
			);
			buildRules = (
			);
			dependencies = (
			);
			name = Calendar;
			productName = Calendar;
			productReference = 38F90B802478886B005B0BEB /* Calendar.app */;
			productType = "com.apple.product-type.application";
		};
		38F90B952478886F005B0BEB /* CalendarTests */ = {
			isa = PBXNativeTarget;
			buildConfigurationList = 38F90BA22478886F005B0BEB /* Build configuration list for PBXNativeTarget "CalendarTests" */;
			buildPhases = (
				A98FF2D432FFD5C1940687A5 /* [CP] Check Pods Manifest.lock */,
				38F90B922478886F005B0BEB /* Sources */,
				38F90B932478886F005B0BEB /* Frameworks */,
				38F90B942478886F005B0BEB /* Resources */,
			);
			buildRules = (
			);
			dependencies = (
				38F90B982478886F005B0BEB /* PBXTargetDependency */,
			);
			name = CalendarTests;
			productName = CalendarTests;
			productReference = 38F90B962478886F005B0BEB /* CalendarTests.xctest */;
			productType = "com.apple.product-type.bundle.unit-test";
		};
/* End PBXNativeTarget section */

/* Begin PBXProject section */
		38F90B782478886B005B0BEB /* Project object */ = {
			isa = PBXProject;
			attributes = {
				LastSwiftUpdateCheck = 1140;
				LastUpgradeCheck = 1140;
				ORGANIZATIONNAME = "Vy Le";
				TargetAttributes = {
					3888D216247F7FF3009B3966 = {
						CreatedOnToolsVersion = 11.4.1;
						TestTargetID = 38F90B7F2478886B005B0BEB;
					};
					38F90B7F2478886B005B0BEB = {
						CreatedOnToolsVersion = 11.4.1;
					};
					38F90B952478886F005B0BEB = {
						CreatedOnToolsVersion = 11.4.1;
						TestTargetID = 38F90B7F2478886B005B0BEB;
					};
				};
			};
			buildConfigurationList = 38F90B7B2478886B005B0BEB /* Build configuration list for PBXProject "Calendar" */;
			compatibilityVersion = "Xcode 9.3";
			developmentRegion = en;
			hasScannedForEncodings = 0;
			knownRegions = (
				en,
				Base,
			);
			mainGroup = 38F90B772478886B005B0BEB;
			productRefGroup = 38F90B812478886B005B0BEB /* Products */;
			projectDirPath = "";
			projectRoot = "";
			targets = (
				38F90B7F2478886B005B0BEB /* Calendar */,
				38F90B952478886F005B0BEB /* CalendarTests */,
				3888D216247F7FF3009B3966 /* CalendarUITests */,
			);
		};
/* End PBXProject section */

/* Begin PBXResourcesBuildPhase section */
		3888D215247F7FF3009B3966 /* Resources */ = {
			isa = PBXResourcesBuildPhase;
			buildActionMask = 2147483647;
			files = (
			);
			runOnlyForDeploymentPostprocessing = 0;
		};
		38F90B7E2478886B005B0BEB /* Resources */ = {
			isa = PBXResourcesBuildPhase;
			buildActionMask = 2147483647;
			files = (
				38F90B902478886F005B0BEB /* LaunchScreen.storyboard in Resources */,
				3888D1D3247B811A009B3966 /* GoogleService-Info.plist in Resources */,
				38F90B8D2478886F005B0BEB /* Assets.xcassets in Resources */,
				38F90B8B2478886B005B0BEB /* Main.storyboard in Resources */,
				3888D1D5247B81C9009B3966 /* calendar.json in Resources */,
			);
			runOnlyForDeploymentPostprocessing = 0;
		};
		38F90B942478886F005B0BEB /* Resources */ = {
			isa = PBXResourcesBuildPhase;
			buildActionMask = 2147483647;
			files = (
			);
			runOnlyForDeploymentPostprocessing = 0;
		};
/* End PBXResourcesBuildPhase section */

/* Begin PBXShellScriptBuildPhase section */
		38EAF128248C35B700A2FE8C /* ShellScript */ = {
			isa = PBXShellScriptBuildPhase;
			buildActionMask = 2147483647;
			files = (
			);
			inputFileListPaths = (
			);
			inputPaths = (
			);
			outputFileListPaths = (
			);
			outputPaths = (
			);
			runOnlyForDeploymentPostprocessing = 0;
			shellPath = /bin/sh;
			shellScript = "if which \"${PODS_ROOT}/SwiftLint/swiftlint\" >/dev/null; then\n    ${PODS_ROOT}/SwiftLint/swiftlint\nelse\n    echo \"warning: SwiftLint not installed, download from https://github.com/realm/SwiftLint\"\nfi\n";
		};
		3EFBA54B6816DD9952B57F81 /* [CP] Check Pods Manifest.lock */ = {
			isa = PBXShellScriptBuildPhase;
			buildActionMask = 2147483647;
			files = (
			);
			inputFileListPaths = (
			);
			inputPaths = (
				"${PODS_PODFILE_DIR_PATH}/Podfile.lock",
				"${PODS_ROOT}/Manifest.lock",
			);
			name = "[CP] Check Pods Manifest.lock";
			outputFileListPaths = (
			);
			outputPaths = (
				"$(DERIVED_FILE_DIR)/Pods-Calendar-checkManifestLockResult.txt",
			);
			runOnlyForDeploymentPostprocessing = 0;
			shellPath = /bin/sh;
			shellScript = "diff \"${PODS_PODFILE_DIR_PATH}/Podfile.lock\" \"${PODS_ROOT}/Manifest.lock\" > /dev/null\nif [ $? != 0 ] ; then\n    # print error to STDERR\n    echo \"error: The sandbox is not in sync with the Podfile.lock. Run 'pod install' or update your CocoaPods installation.\" >&2\n    exit 1\nfi\n# This output is used by Xcode 'outputs' to avoid re-running this script phase.\necho \"SUCCESS\" > \"${SCRIPT_OUTPUT_FILE_0}\"\n";
			showEnvVarsInLog = 0;
		};
		65B5837513BE2C3C78AB60A5 /* [CP] Check Pods Manifest.lock */ = {
			isa = PBXShellScriptBuildPhase;
			buildActionMask = 2147483647;
			files = (
			);
			inputFileListPaths = (
			);
			inputPaths = (
				"${PODS_PODFILE_DIR_PATH}/Podfile.lock",
				"${PODS_ROOT}/Manifest.lock",
			);
			name = "[CP] Check Pods Manifest.lock";
			outputFileListPaths = (
			);
			outputPaths = (
				"$(DERIVED_FILE_DIR)/Pods-CalendarUITests-checkManifestLockResult.txt",
			);
			runOnlyForDeploymentPostprocessing = 0;
			shellPath = /bin/sh;
			shellScript = "diff \"${PODS_PODFILE_DIR_PATH}/Podfile.lock\" \"${PODS_ROOT}/Manifest.lock\" > /dev/null\nif [ $? != 0 ] ; then\n    # print error to STDERR\n    echo \"error: The sandbox is not in sync with the Podfile.lock. Run 'pod install' or update your CocoaPods installation.\" >&2\n    exit 1\nfi\n# This output is used by Xcode 'outputs' to avoid re-running this script phase.\necho \"SUCCESS\" > \"${SCRIPT_OUTPUT_FILE_0}\"\n";
			showEnvVarsInLog = 0;
		};
		82B59D49D0DAD4BAE97CEA50 /* [CP] Embed Pods Frameworks */ = {
			isa = PBXShellScriptBuildPhase;
			buildActionMask = 2147483647;
			files = (
			);
			inputFileListPaths = (
				"${PODS_ROOT}/Target Support Files/Pods-Calendar/Pods-Calendar-frameworks-${CONFIGURATION}-input-files.xcfilelist",
			);
			name = "[CP] Embed Pods Frameworks";
			outputFileListPaths = (
				"${PODS_ROOT}/Target Support Files/Pods-Calendar/Pods-Calendar-frameworks-${CONFIGURATION}-output-files.xcfilelist",
			);
			runOnlyForDeploymentPostprocessing = 0;
			shellPath = /bin/sh;
			shellScript = "\"${PODS_ROOT}/Target Support Files/Pods-Calendar/Pods-Calendar-frameworks.sh\"\n";
			showEnvVarsInLog = 0;
		};
		A98FF2D432FFD5C1940687A5 /* [CP] Check Pods Manifest.lock */ = {
			isa = PBXShellScriptBuildPhase;
			buildActionMask = 2147483647;
			files = (
			);
			inputFileListPaths = (
			);
			inputPaths = (
				"${PODS_PODFILE_DIR_PATH}/Podfile.lock",
				"${PODS_ROOT}/Manifest.lock",
			);
			name = "[CP] Check Pods Manifest.lock";
			outputFileListPaths = (
			);
			outputPaths = (
				"$(DERIVED_FILE_DIR)/Pods-CalendarTests-checkManifestLockResult.txt",
			);
			runOnlyForDeploymentPostprocessing = 0;
			shellPath = /bin/sh;
			shellScript = "diff \"${PODS_PODFILE_DIR_PATH}/Podfile.lock\" \"${PODS_ROOT}/Manifest.lock\" > /dev/null\nif [ $? != 0 ] ; then\n    # print error to STDERR\n    echo \"error: The sandbox is not in sync with the Podfile.lock. Run 'pod install' or update your CocoaPods installation.\" >&2\n    exit 1\nfi\n# This output is used by Xcode 'outputs' to avoid re-running this script phase.\necho \"SUCCESS\" > \"${SCRIPT_OUTPUT_FILE_0}\"\n";
			showEnvVarsInLog = 0;
		};
/* End PBXShellScriptBuildPhase section */

/* Begin PBXSourcesBuildPhase section */
		3888D213247F7FF3009B3966 /* Sources */ = {
			isa = PBXSourcesBuildPhase;
			buildActionMask = 2147483647;
			files = (
				3888D21A247F7FF3009B3966 /* CalendarUITests.swift in Sources */,
			);
			runOnlyForDeploymentPostprocessing = 0;
		};
		38F90B7C2478886B005B0BEB /* Sources */ = {
			isa = PBXSourcesBuildPhase;
			buildActionMask = 2147483647;
			files = (
				3888D24824837F34009B3966 /* CustomHeaderView.swift in Sources */,
				38EAF127248C202300A2FE8C /* DailyTasksModelController.swift in Sources */,
				3888D23A24819F54009B3966 /* CircleView.swift in Sources */,
				3888D22A248028F9009B3966 /* BackButton.swift in Sources */,
				38285B1C248E078E00AAEE03 /* TitleContainerView.swift in Sources */,
				3888D230248060D2009B3966 /* DateCell.swift in Sources */,
				38CE861E248579780006D609 /* DatePickerTapGestureDelegate.swift in Sources */,
				3888D1A2247AF88E009B3966 /* LoginViewController.swift in Sources */,
				3888D24424831B72009B3966 /* SlideView.swift in Sources */,
				38285B1A248E01BD00AAEE03 /* EventDetailsView.swift in Sources */,
				3888D1BE247B4D5D009B3966 /* UIView+Extension.swift in Sources */,
				3888D1FA247DE5AD009B3966 /* CustomScrollView.swift in Sources */,
				38CE8622248842D90006D609 /* CustomNotificationView.swift in Sources */,
				3888D22E2480444A009B3966 /* TextButton.swift in Sources */,
				38E51E40249705FD00EBBF5B /* SearchedEventCell.swift in Sources */,
				3888D24F2483EC40009B3966 /* NewEventViewController.swift in Sources */,
				38E51E312491144900EBBF5B /* CalendarModelController.swift in Sources */,
				38285B1E248E194900AAEE03 /* TimeContainerView.swift in Sources */,
				3888D1B8247B29F3009B3966 /* AppColor.swift in Sources */,
				38E51E3E2496BCA900EBBF5B /* SearchEventView.swift in Sources */,
				3888D23224806D30009B3966 /* WeekDaysView.swift in Sources */,
				38E51E2F249107D800EBBF5B /* UserSettingsViewController.swift in Sources */,
				3888D1C0247B501F009B3966 /* CustomLabel.swift in Sources */,
				3888D1DE247C48B7009B3966 /* DailyTasksMainView.swift in Sources */,
				38285B24248F09EE00AAEE03 /* SettingsContainerView.swift in Sources */,
				38285B2B2490C42E00AAEE03 /* EventTapGestureDelegate.swift in Sources */,
				3888D1CF247B7DF8009B3966 /* FirebaseService.swift in Sources */,
				3888D2362480B597009B3966 /* DateCounter.swift in Sources */,
				38E51E3C2496BC9500EBBF5B /* SearchEventViewController.swift in Sources */,
				38285B22248EDDE000AAEE03 /* BookRingView.swift in Sources */,
				3888D202247F3BED009B3966 /* RunningTimeLineView.swift in Sources */,
				38E51E452498BE1700EBBF5B /* DoneTapGestureDelegate.swift in Sources */,
				38865C71249C73BC00FDFC0D /* SearchLocationViewController.swift in Sources */,
				3888D24224822466009B3966 /* DateConverter.swift in Sources */,
				3888D246248325E0009B3966 /* ScheduleCell.swift in Sources */,
				3888D1D7247B824D009B3966 /* DailyTaskViewController.swift in Sources */,
				3888D1B2247B155F009B3966 /* CustomContainerView.swift in Sources */,
				38865C73249C741D00FDFC0D /* SearchLocationView.swift in Sources */,
				3888D1A9247B1091009B3966 /* AppLogoView.swift in Sources */,
				38F90B842478886B005B0BEB /* AppDelegate.swift in Sources */,
				3888D1FC247DE679009B3966 /* TimeDividerView.swift in Sources */,
				3888D1A7247B0F28009B3966 /* LoginView.swift in Sources */,
				3888D20D247F722F009B3966 /* EventLayoutGenerator.swift in Sources */,
				38E51E432498AEC700EBBF5B /* Scheduler.swift in Sources */,
				3888D1B4247B181B009B3966 /* InputView.swift in Sources */,
				3888D1BC247B460F009B3966 /* RoundedButton.swift in Sources */,
				38F90B862478886B005B0BEB /* SceneDelegate.swift in Sources */,
				3888D2542484154C009B3966 /* SectionTitleLabel.swift in Sources */,
				3888D207247F5741009B3966 /* BottomBarView.swift in Sources */,
				38285B292490BCC400AAEE03 /* EventViewModel.swift in Sources */,
				38E51E372494295100EBBF5B /* UserSettingsView.swift in Sources */,
				3888D1BA247B2C5C009B3966 /* IconButton.swift in Sources */,
				38285B26248F78B800AAEE03 /* NotesContainerView.swift in Sources */,
				3888D1AC247B110E009B3966 /* Constants.swift in Sources */,
				38E51E342491282100EBBF5B /* EventSection.swift in Sources */,
				3888D227247F910E009B3966 /* CalendarMainView.swift in Sources */,
				38E51E4A24993EAC00EBBF5B /* SearchEventModelController.swift in Sources */,
				3888D1CC247B7C92009B3966 /* Database.swift in Sources */,
				38CE8618248443BB0006D609 /* DatePickerView.swift in Sources */,
				3888D2512483EE7B009B3966 /* NewEventView.swift in Sources */,
				38EAF12E248CCB0C00A2FE8C /* KeyboardDelegate.swift in Sources */,
				3888D1FE247E1E80009B3966 /* EventView.swift in Sources */,
				38EAF130248D78FF00A2FE8C /* UIButton+Extension.swift in Sources */,
				38CE8624248845BB0006D609 /* NotificationCell.swift in Sources */,
				3888D225247F90B0009B3966 /* CalendarViewController.swift in Sources */,
				38285B18248DFF7B00AAEE03 /* EventDetailsViewController.swift in Sources */,
				38CE861624842A000006D609 /* CustomTextView.swift in Sources */,
				3888D1C4247B5685009B3966 /* ErrorLabel.swift in Sources */,
				3888D1B6247B1895009B3966 /* CustomTextField.swift in Sources */,
				38EAF12A248C62A900A2FE8C /* Shaking.swift in Sources */,
				3888D1CA247B7C5C009B3966 /* Authentication.swift in Sources */,
				3888D205247F46EC009B3966 /* Event.swift in Sources */,
			);
			runOnlyForDeploymentPostprocessing = 0;
		};
		38F90B922478886F005B0BEB /* Sources */ = {
			isa = PBXSourcesBuildPhase;
			buildActionMask = 2147483647;
			files = (
				38F90B9B2478886F005B0BEB /* CalendarTests.swift in Sources */,
				3888D20B247F6C55009B3966 /* EventLayoutGeneratorTests.swift in Sources */,
				3888D2382480B5C3009B3966 /* DateCounterTests.swift in Sources */,
			);
			runOnlyForDeploymentPostprocessing = 0;
		};
/* End PBXSourcesBuildPhase section */

/* Begin PBXTargetDependency section */
		3888D21D247F7FF3009B3966 /* PBXTargetDependency */ = {
			isa = PBXTargetDependency;
			target = 38F90B7F2478886B005B0BEB /* Calendar */;
			targetProxy = 3888D21C247F7FF3009B3966 /* PBXContainerItemProxy */;
		};
		38F90B982478886F005B0BEB /* PBXTargetDependency */ = {
			isa = PBXTargetDependency;
			target = 38F90B7F2478886B005B0BEB /* Calendar */;
			targetProxy = 38F90B972478886F005B0BEB /* PBXContainerItemProxy */;
		};
/* End PBXTargetDependency section */

/* Begin PBXVariantGroup section */
		38F90B892478886B005B0BEB /* Main.storyboard */ = {
			isa = PBXVariantGroup;
			children = (
				38F90B8A2478886B005B0BEB /* Base */,
			);
			name = Main.storyboard;
			sourceTree = "<group>";
		};
		38F90B8E2478886F005B0BEB /* LaunchScreen.storyboard */ = {
			isa = PBXVariantGroup;
			children = (
				38F90B8F2478886F005B0BEB /* Base */,
			);
			name = LaunchScreen.storyboard;
			sourceTree = "<group>";
		};
/* End PBXVariantGroup section */

/* Begin XCBuildConfiguration section */
		3888D21F247F7FF3009B3966 /* Debug */ = {
			isa = XCBuildConfiguration;
			baseConfigurationReference = 263537AFCBCAA24A0085A100 /* Pods-CalendarUITests.debug.xcconfig */;
			buildSettings = {
				CODE_SIGN_STYLE = Automatic;
				INFOPLIST_FILE = CalendarUITests/Info.plist;
				LD_RUNPATH_SEARCH_PATHS = (
					"$(inherited)",
					"@executable_path/Frameworks",
					"@loader_path/Frameworks",
				);
				PRODUCT_BUNDLE_IDENTIFIER = com.VyLe.CalendarUITests;
				PRODUCT_NAME = "$(TARGET_NAME)";
				SWIFT_VERSION = 5.0;
				TARGETED_DEVICE_FAMILY = "1,2";
				TEST_TARGET_NAME = Calendar;
			};
			name = Debug;
		};
		3888D220247F7FF3009B3966 /* Release */ = {
			isa = XCBuildConfiguration;
			baseConfigurationReference = 4473E30449CC78953091211E /* Pods-CalendarUITests.release.xcconfig */;
			buildSettings = {
				CODE_SIGN_STYLE = Automatic;
				INFOPLIST_FILE = CalendarUITests/Info.plist;
				LD_RUNPATH_SEARCH_PATHS = (
					"$(inherited)",
					"@executable_path/Frameworks",
					"@loader_path/Frameworks",
				);
				PRODUCT_BUNDLE_IDENTIFIER = com.VyLe.CalendarUITests;
				PRODUCT_NAME = "$(TARGET_NAME)";
				SWIFT_VERSION = 5.0;
				TARGETED_DEVICE_FAMILY = "1,2";
				TEST_TARGET_NAME = Calendar;
			};
			name = Release;
		};
		38F90B9D2478886F005B0BEB /* Debug */ = {
			isa = XCBuildConfiguration;
			buildSettings = {
				ALWAYS_SEARCH_USER_PATHS = NO;
				CLANG_ANALYZER_NONNULL = YES;
				CLANG_ANALYZER_NUMBER_OBJECT_CONVERSION = YES_AGGRESSIVE;
				CLANG_CXX_LANGUAGE_STANDARD = "gnu++14";
				CLANG_CXX_LIBRARY = "libc++";
				CLANG_ENABLE_MODULES = YES;
				CLANG_ENABLE_OBJC_ARC = YES;
				CLANG_ENABLE_OBJC_WEAK = YES;
				CLANG_WARN_BLOCK_CAPTURE_AUTORELEASING = YES;
				CLANG_WARN_BOOL_CONVERSION = YES;
				CLANG_WARN_COMMA = YES;
				CLANG_WARN_CONSTANT_CONVERSION = YES;
				CLANG_WARN_DEPRECATED_OBJC_IMPLEMENTATIONS = YES;
				CLANG_WARN_DIRECT_OBJC_ISA_USAGE = YES_ERROR;
				CLANG_WARN_DOCUMENTATION_COMMENTS = YES;
				CLANG_WARN_EMPTY_BODY = YES;
				CLANG_WARN_ENUM_CONVERSION = YES;
				CLANG_WARN_INFINITE_RECURSION = YES;
				CLANG_WARN_INT_CONVERSION = YES;
				CLANG_WARN_NON_LITERAL_NULL_CONVERSION = YES;
				CLANG_WARN_OBJC_IMPLICIT_RETAIN_SELF = YES;
				CLANG_WARN_OBJC_LITERAL_CONVERSION = YES;
				CLANG_WARN_OBJC_ROOT_CLASS = YES_ERROR;
				CLANG_WARN_RANGE_LOOP_ANALYSIS = YES;
				CLANG_WARN_STRICT_PROTOTYPES = YES;
				CLANG_WARN_SUSPICIOUS_MOVE = YES;
				CLANG_WARN_UNGUARDED_AVAILABILITY = YES_AGGRESSIVE;
				CLANG_WARN_UNREACHABLE_CODE = YES;
				CLANG_WARN__DUPLICATE_METHOD_MATCH = YES;
				COPY_PHASE_STRIP = NO;
				DEBUG_INFORMATION_FORMAT = dwarf;
				ENABLE_STRICT_OBJC_MSGSEND = YES;
				ENABLE_TESTABILITY = YES;
				GCC_C_LANGUAGE_STANDARD = gnu11;
				GCC_DYNAMIC_NO_PIC = NO;
				GCC_NO_COMMON_BLOCKS = YES;
				GCC_OPTIMIZATION_LEVEL = 0;
				GCC_PREPROCESSOR_DEFINITIONS = (
					"DEBUG=1",
					"$(inherited)",
				);
				GCC_WARN_64_TO_32_BIT_CONVERSION = YES;
				GCC_WARN_ABOUT_RETURN_TYPE = YES_ERROR;
				GCC_WARN_UNDECLARED_SELECTOR = YES;
				GCC_WARN_UNINITIALIZED_AUTOS = YES_AGGRESSIVE;
				GCC_WARN_UNUSED_FUNCTION = YES;
				GCC_WARN_UNUSED_VARIABLE = YES;
				IPHONEOS_DEPLOYMENT_TARGET = 13.4;
				MTL_ENABLE_DEBUG_INFO = INCLUDE_SOURCE;
				MTL_FAST_MATH = YES;
				ONLY_ACTIVE_ARCH = YES;
				SDKROOT = iphoneos;
				SWIFT_ACTIVE_COMPILATION_CONDITIONS = DEBUG;
				SWIFT_OPTIMIZATION_LEVEL = "-Onone";
			};
			name = Debug;
		};
		38F90B9E2478886F005B0BEB /* Release */ = {
			isa = XCBuildConfiguration;
			buildSettings = {
				ALWAYS_SEARCH_USER_PATHS = NO;
				CLANG_ANALYZER_NONNULL = YES;
				CLANG_ANALYZER_NUMBER_OBJECT_CONVERSION = YES_AGGRESSIVE;
				CLANG_CXX_LANGUAGE_STANDARD = "gnu++14";
				CLANG_CXX_LIBRARY = "libc++";
				CLANG_ENABLE_MODULES = YES;
				CLANG_ENABLE_OBJC_ARC = YES;
				CLANG_ENABLE_OBJC_WEAK = YES;
				CLANG_WARN_BLOCK_CAPTURE_AUTORELEASING = YES;
				CLANG_WARN_BOOL_CONVERSION = YES;
				CLANG_WARN_COMMA = YES;
				CLANG_WARN_CONSTANT_CONVERSION = YES;
				CLANG_WARN_DEPRECATED_OBJC_IMPLEMENTATIONS = YES;
				CLANG_WARN_DIRECT_OBJC_ISA_USAGE = YES_ERROR;
				CLANG_WARN_DOCUMENTATION_COMMENTS = YES;
				CLANG_WARN_EMPTY_BODY = YES;
				CLANG_WARN_ENUM_CONVERSION = YES;
				CLANG_WARN_INFINITE_RECURSION = YES;
				CLANG_WARN_INT_CONVERSION = YES;
				CLANG_WARN_NON_LITERAL_NULL_CONVERSION = YES;
				CLANG_WARN_OBJC_IMPLICIT_RETAIN_SELF = YES;
				CLANG_WARN_OBJC_LITERAL_CONVERSION = YES;
				CLANG_WARN_OBJC_ROOT_CLASS = YES_ERROR;
				CLANG_WARN_RANGE_LOOP_ANALYSIS = YES;
				CLANG_WARN_STRICT_PROTOTYPES = YES;
				CLANG_WARN_SUSPICIOUS_MOVE = YES;
				CLANG_WARN_UNGUARDED_AVAILABILITY = YES_AGGRESSIVE;
				CLANG_WARN_UNREACHABLE_CODE = YES;
				CLANG_WARN__DUPLICATE_METHOD_MATCH = YES;
				COPY_PHASE_STRIP = NO;
				DEBUG_INFORMATION_FORMAT = "dwarf-with-dsym";
				ENABLE_NS_ASSERTIONS = NO;
				ENABLE_STRICT_OBJC_MSGSEND = YES;
				GCC_C_LANGUAGE_STANDARD = gnu11;
				GCC_NO_COMMON_BLOCKS = YES;
				GCC_WARN_64_TO_32_BIT_CONVERSION = YES;
				GCC_WARN_ABOUT_RETURN_TYPE = YES_ERROR;
				GCC_WARN_UNDECLARED_SELECTOR = YES;
				GCC_WARN_UNINITIALIZED_AUTOS = YES_AGGRESSIVE;
				GCC_WARN_UNUSED_FUNCTION = YES;
				GCC_WARN_UNUSED_VARIABLE = YES;
				IPHONEOS_DEPLOYMENT_TARGET = 13.4;
				MTL_ENABLE_DEBUG_INFO = NO;
				MTL_FAST_MATH = YES;
				SDKROOT = iphoneos;
				SWIFT_COMPILATION_MODE = wholemodule;
				SWIFT_OPTIMIZATION_LEVEL = "-O";
				VALIDATE_PRODUCT = YES;
			};
			name = Release;
		};
		38F90BA02478886F005B0BEB /* Debug */ = {
			isa = XCBuildConfiguration;
			baseConfigurationReference = 55F0039F379E7D6F5FAFDB00 /* Pods-Calendar.debug.xcconfig */;
			buildSettings = {
				ASSETCATALOG_COMPILER_APPICON_NAME = AppIcon;
				CODE_SIGN_STYLE = Automatic;
				INFOPLIST_FILE = Calendar/Info.plist;
				LD_RUNPATH_SEARCH_PATHS = (
					"$(inherited)",
					"@executable_path/Frameworks",
				);
				PRODUCT_BUNDLE_IDENTIFIER = com.VyLe.Calendar;
				PRODUCT_NAME = "$(TARGET_NAME)";
				SWIFT_VERSION = 5.0;
				TARGETED_DEVICE_FAMILY = "1,2";
			};
			name = Debug;
		};
		38F90BA12478886F005B0BEB /* Release */ = {
			isa = XCBuildConfiguration;
			baseConfigurationReference = B0BEBF8BAB7593FFF4E1C9B9 /* Pods-Calendar.release.xcconfig */;
			buildSettings = {
				ASSETCATALOG_COMPILER_APPICON_NAME = AppIcon;
				CODE_SIGN_STYLE = Automatic;
				INFOPLIST_FILE = Calendar/Info.plist;
				LD_RUNPATH_SEARCH_PATHS = (
					"$(inherited)",
					"@executable_path/Frameworks",
				);
				PRODUCT_BUNDLE_IDENTIFIER = com.VyLe.Calendar;
				PRODUCT_NAME = "$(TARGET_NAME)";
				SWIFT_VERSION = 5.0;
				TARGETED_DEVICE_FAMILY = "1,2";
			};
			name = Release;
		};
		38F90BA32478886F005B0BEB /* Debug */ = {
			isa = XCBuildConfiguration;
			baseConfigurationReference = 2CE487EBF5E05F4DC4182A7C /* Pods-CalendarTests.debug.xcconfig */;
			buildSettings = {
				ALWAYS_EMBED_SWIFT_STANDARD_LIBRARIES = YES;
				BUNDLE_LOADER = "$(TEST_HOST)";
				CODE_SIGN_STYLE = Automatic;
				INFOPLIST_FILE = CalendarTests/Info.plist;
				IPHONEOS_DEPLOYMENT_TARGET = 13.4;
				LD_RUNPATH_SEARCH_PATHS = (
					"$(inherited)",
					"@executable_path/Frameworks",
					"@loader_path/Frameworks",
				);
				PRODUCT_BUNDLE_IDENTIFIER = com.VyLe.CalendarTests;
				PRODUCT_NAME = "$(TARGET_NAME)";
				SWIFT_VERSION = 5.0;
				TARGETED_DEVICE_FAMILY = "1,2";
				TEST_HOST = "$(BUILT_PRODUCTS_DIR)/Calendar.app/Calendar";
			};
			name = Debug;
		};
		38F90BA42478886F005B0BEB /* Release */ = {
			isa = XCBuildConfiguration;
			baseConfigurationReference = 49DCB57DC0E54117EF4BAB37 /* Pods-CalendarTests.release.xcconfig */;
			buildSettings = {
				ALWAYS_EMBED_SWIFT_STANDARD_LIBRARIES = YES;
				BUNDLE_LOADER = "$(TEST_HOST)";
				CODE_SIGN_STYLE = Automatic;
				INFOPLIST_FILE = CalendarTests/Info.plist;
				IPHONEOS_DEPLOYMENT_TARGET = 13.4;
				LD_RUNPATH_SEARCH_PATHS = (
					"$(inherited)",
					"@executable_path/Frameworks",
					"@loader_path/Frameworks",
				);
				PRODUCT_BUNDLE_IDENTIFIER = com.VyLe.CalendarTests;
				PRODUCT_NAME = "$(TARGET_NAME)";
				SWIFT_VERSION = 5.0;
				TARGETED_DEVICE_FAMILY = "1,2";
				TEST_HOST = "$(BUILT_PRODUCTS_DIR)/Calendar.app/Calendar";
			};
			name = Release;
		};
/* End XCBuildConfiguration section */

/* Begin XCConfigurationList section */
		3888D21E247F7FF3009B3966 /* Build configuration list for PBXNativeTarget "CalendarUITests" */ = {
			isa = XCConfigurationList;
			buildConfigurations = (
				3888D21F247F7FF3009B3966 /* Debug */,
				3888D220247F7FF3009B3966 /* Release */,
			);
			defaultConfigurationIsVisible = 0;
			defaultConfigurationName = Release;
		};
		38F90B7B2478886B005B0BEB /* Build configuration list for PBXProject "Calendar" */ = {
			isa = XCConfigurationList;
			buildConfigurations = (
				38F90B9D2478886F005B0BEB /* Debug */,
				38F90B9E2478886F005B0BEB /* Release */,
			);
			defaultConfigurationIsVisible = 0;
			defaultConfigurationName = Release;
		};
		38F90B9F2478886F005B0BEB /* Build configuration list for PBXNativeTarget "Calendar" */ = {
			isa = XCConfigurationList;
			buildConfigurations = (
				38F90BA02478886F005B0BEB /* Debug */,
				38F90BA12478886F005B0BEB /* Release */,
			);
			defaultConfigurationIsVisible = 0;
			defaultConfigurationName = Release;
		};
		38F90BA22478886F005B0BEB /* Build configuration list for PBXNativeTarget "CalendarTests" */ = {
			isa = XCConfigurationList;
			buildConfigurations = (
				38F90BA32478886F005B0BEB /* Debug */,
				38F90BA42478886F005B0BEB /* Release */,
			);
			defaultConfigurationIsVisible = 0;
			defaultConfigurationName = Release;
		};
/* End XCConfigurationList section */
	};
	rootObject = 38F90B782478886B005B0BEB /* Project object */;
}
